// !$*UTF8*$!
{
	archiveVersion = 1;
	classes = {
	};
	objectVersion = 46;
	objects = {

/* Begin PBXBuildFile section */
		4B76BBEC1BA05CB100DADDBF /* SVPFeatherControls.h in Headers */ = {isa = PBXBuildFile; fileRef = 4B76BBEB1BA05CB100DADDBF /* SVPFeatherControls.h */; settings = {ATTRIBUTES = (Public, ); }; };
		4B76BBF21BA05CB200DADDBF /* SVPFeatherControls.framework in Frameworks */ = {isa = PBXBuildFile; fileRef = 4B76BBE61BA05CB100DADDBF /* SVPFeatherControls.framework */; };
		4B76BBF91BA05CB200DADDBF /* SVPFeatherControlsTests.m in Sources */ = {isa = PBXBuildFile; fileRef = 4B76BBF81BA05CB200DADDBF /* SVPFeatherControlsTests.m */; };
		4B76BC031BA05D1A00DADDBF /* Views in Resources */ = {isa = PBXBuildFile; fileRef = 4B76BC021BA05D1A00DADDBF /* Views */; };
/* End PBXBuildFile section */

/* Begin PBXContainerItemProxy section */
		4B76BBF31BA05CB200DADDBF /* PBXContainerItemProxy */ = {
			isa = PBXContainerItemProxy;
			containerPortal = 4B76BBDD1BA05CB100DADDBF /* Project object */;
			proxyType = 1;
			remoteGlobalIDString = 4B76BBE51BA05CB100DADDBF;
			remoteInfo = SVPFeatherControls;
		};
/* End PBXContainerItemProxy section */

/* Begin PBXFileReference section */
		4B76BBE61BA05CB100DADDBF /* SVPFeatherControls.framework */ = {isa = PBXFileReference; explicitFileType = wrapper.framework; includeInIndex = 0; path = SVPFeatherControls.framework; sourceTree = BUILT_PRODUCTS_DIR; };
		4B76BBEA1BA05CB100DADDBF /* Info.plist */ = {isa = PBXFileReference; lastKnownFileType = text.plist.xml; path = Info.plist; sourceTree = "<group>"; };
		4B76BBEB1BA05CB100DADDBF /* SVPFeatherControls.h */ = {isa = PBXFileReference; lastKnownFileType = sourcecode.c.h; path = SVPFeatherControls.h; sourceTree = "<group>"; };
		4B76BBF11BA05CB200DADDBF /* SVPFeatherControlsTests.xctest */ = {isa = PBXFileReference; explicitFileType = wrapper.cfbundle; includeInIndex = 0; path = SVPFeatherControlsTests.xctest; sourceTree = BUILT_PRODUCTS_DIR; };
		4B76BBF71BA05CB200DADDBF /* Info.plist */ = {isa = PBXFileReference; lastKnownFileType = text.plist.xml; path = Info.plist; sourceTree = "<group>"; };
		4B76BBF81BA05CB200DADDBF /* SVPFeatherControlsTests.m */ = {isa = PBXFileReference; lastKnownFileType = sourcecode.c.objc; path = SVPFeatherControlsTests.m; sourceTree = "<group>"; };
		4B76BC021BA05D1A00DADDBF /* Views */ = {isa = PBXFileReference; lastKnownFileType = folder; path = Views; sourceTree = "<group>"; };
/* End PBXFileReference section */

/* Begin PBXFrameworksBuildPhase section */
		4B76BBE21BA05CB100DADDBF /* Frameworks */ = {
			isa = PBXFrameworksBuildPhase;
			buildActionMask = 2147483647;
			files = (
			);
			runOnlyForDeploymentPostprocessing = 0;
		};
		4B76BBEE1BA05CB200DADDBF /* Frameworks */ = {
			isa = PBXFrameworksBuildPhase;
			buildActionMask = 2147483647;
			files = (
				4B76BBF21BA05CB200DADDBF /* SVPFeatherControls.framework in Frameworks */,
			);
			runOnlyForDeploymentPostprocessing = 0;
		};
/* End PBXFrameworksBuildPhase section */

/* Begin PBXGroup section */
		4B76BBDC1BA05CB100DADDBF = {
			isa = PBXGroup;
			children = (
				4B76BBE81BA05CB100DADDBF /* SVPFeatherControls */,
				4B76BBF51BA05CB200DADDBF /* SVPFeatherControlsTests */,
				4B76BBE71BA05CB100DADDBF /* Products */,
			);
			sourceTree = "<group>";
		};
		4B76BBE71BA05CB100DADDBF /* Products */ = {
			isa = PBXGroup;
			children = (
				4B76BBE61BA05CB100DADDBF /* SVPFeatherControls.framework */,
				4B76BBF11BA05CB200DADDBF /* SVPFeatherControlsTests.xctest */,
			);
			name = Products;
			sourceTree = "<group>";
		};
		4B76BBE81BA05CB100DADDBF /* SVPFeatherControls */ = {
			isa = PBXGroup;
			children = (
				4B76BC021BA05D1A00DADDBF /* Views */,
				4B76BBEB1BA05CB100DADDBF /* SVPFeatherControls.h */,
				4B76BBE91BA05CB100DADDBF /* Supporting Files */,
			);
			path = SVPFeatherControls;
			sourceTree = "<group>";
		};
		4B76BBE91BA05CB100DADDBF /* Supporting Files */ = {
			isa = PBXGroup;
			children = (
				4B76BBEA1BA05CB100DADDBF /* Info.plist */,
			);
			name = "Supporting Files";
			sourceTree = "<group>";
		};
		4B76BBF51BA05CB200DADDBF /* SVPFeatherControlsTests */ = {
			isa = PBXGroup;
			children = (
				4B76BBF81BA05CB200DADDBF /* SVPFeatherControlsTests.m */,
				4B76BBF61BA05CB200DADDBF /* Supporting Files */,
			);
			path = SVPFeatherControlsTests;
			sourceTree = "<group>";
		};
		4B76BBF61BA05CB200DADDBF /* Supporting Files */ = {
			isa = PBXGroup;
			children = (
				4B76BBF71BA05CB200DADDBF /* Info.plist */,
			);
			name = "Supporting Files";
			sourceTree = "<group>";
		};
/* End PBXGroup section */

/* Begin PBXHeadersBuildPhase section */
		4B76BBE31BA05CB100DADDBF /* Headers */ = {
			isa = PBXHeadersBuildPhase;
			buildActionMask = 2147483647;
			files = (
				4B76BBEC1BA05CB100DADDBF /* SVPFeatherControls.h in Headers */,
			);
			runOnlyForDeploymentPostprocessing = 0;
		};
/* End PBXHeadersBuildPhase section */

/* Begin PBXNativeTarget section */
		4B76BBE51BA05CB100DADDBF /* SVPFeatherControls */ = {
			isa = PBXNativeTarget;
			buildConfigurationList = 4B76BBFC1BA05CB200DADDBF /* Build configuration list for PBXNativeTarget "SVPFeatherControls" */;
			buildPhases = (
				4B76BBE11BA05CB100DADDBF /* Sources */,
				4B76BBE21BA05CB100DADDBF /* Frameworks */,
				4B76BBE31BA05CB100DADDBF /* Headers */,
				4B76BBE41BA05CB100DADDBF /* Resources */,
			);
			buildRules = (
			);
			dependencies = (
			);
			name = SVPFeatherControls;
			productName = SVPFeatherControls;
			productReference = 4B76BBE61BA05CB100DADDBF /* SVPFeatherControls.framework */;
			productType = "com.apple.product-type.framework";
		};
		4B76BBF01BA05CB200DADDBF /* SVPFeatherControlsTests */ = {
			isa = PBXNativeTarget;
			buildConfigurationList = 4B76BBFF1BA05CB200DADDBF /* Build configuration list for PBXNativeTarget "SVPFeatherControlsTests" */;
			buildPhases = (
				4B76BBED1BA05CB200DADDBF /* Sources */,
				4B76BBEE1BA05CB200DADDBF /* Frameworks */,
				4B76BBEF1BA05CB200DADDBF /* Resources */,
			);
			buildRules = (
			);
			dependencies = (
				4B76BBF41BA05CB200DADDBF /* PBXTargetDependency */,
			);
			name = SVPFeatherControlsTests;
			productName = SVPFeatherControlsTests;
			productReference = 4B76BBF11BA05CB200DADDBF /* SVPFeatherControlsTests.xctest */;
			productType = "com.apple.product-type.bundle.unit-test";
		};
/* End PBXNativeTarget section */

/* Begin PBXProject section */
		4B76BBDD1BA05CB100DADDBF /* Project object */ = {
			isa = PBXProject;
			attributes = {
				LastUpgradeCheck = 0640;
				ORGANIZATIONNAME = "Svetoslav Popov";
				TargetAttributes = {
					4B76BBE51BA05CB100DADDBF = {
						CreatedOnToolsVersion = 6.4;
					};
					4B76BBF01BA05CB200DADDBF = {
						CreatedOnToolsVersion = 6.4;
					};
				};
			};
			buildConfigurationList = 4B76BBE01BA05CB100DADDBF /* Build configuration list for PBXProject "SVPFeatherControls" */;
			compatibilityVersion = "Xcode 3.2";
			developmentRegion = English;
			hasScannedForEncodings = 0;
			knownRegions = (
				en,
			);
			mainGroup = 4B76BBDC1BA05CB100DADDBF;
			productRefGroup = 4B76BBE71BA05CB100DADDBF /* Products */;
			projectDirPath = "";
			projectRoot = "";
			targets = (
				4B76BBE51BA05CB100DADDBF /* SVPFeatherControls */,
				4B76BBF01BA05CB200DADDBF /* SVPFeatherControlsTests */,
			);
		};
/* End PBXProject section */

/* Begin PBXResourcesBuildPhase section */
		4B76BBE41BA05CB100DADDBF /* Resources */ = {
			isa = PBXResourcesBuildPhase;
			buildActionMask = 2147483647;
			files = (
				4B76BC031BA05D1A00DADDBF /* Views in Resources */,
			);
			runOnlyForDeploymentPostprocessing = 0;
		};
		4B76BBEF1BA05CB200DADDBF /* Resources */ = {
			isa = PBXResourcesBuildPhase;
			buildActionMask = 2147483647;
			files = (
			);
			runOnlyForDeploymentPostprocessing = 0;
		};
/* End PBXResourcesBuildPhase section */

/* Begin PBXSourcesBuildPhase section */
		4B76BBE11BA05CB100DADDBF /* Sources */ = {
			isa = PBXSourcesBuildPhase;
			buildActionMask = 2147483647;
			files = (
			);
			runOnlyForDeploymentPostprocessing = 0;
		};
		4B76BBED1BA05CB200DADDBF /* Sources */ = {
			isa = PBXSourcesBuildPhase;
			buildActionMask = 2147483647;
			files = (
				4B76BBF91BA05CB200DADDBF /* SVPFeatherControlsTests.m in Sources */,
			);
			runOnlyForDeploymentPostprocessing = 0;
		};
/* End PBXSourcesBuildPhase section */

/* Begin PBXTargetDependency section */
		4B76BBF41BA05CB200DADDBF /* PBXTargetDependency */ = {
			isa = PBXTargetDependency;
			target = 4B76BBE51BA05CB100DADDBF /* SVPFeatherControls */;
			targetProxy = 4B76BBF31BA05CB200DADDBF /* PBXContainerItemProxy */;
		};
/* End PBXTargetDependency section */

/* Begin XCBuildConfiguration section */
		4B76BBFA1BA05CB200DADDBF /* Debug */ = {
			isa = XCBuildConfiguration;
			buildSettings = {
				ALWAYS_SEARCH_USER_PATHS = NO;
				CLANG_CXX_LANGUAGE_STANDARD = "gnu++0x";
				CLANG_CXX_LIBRARY = "libc++";
				CLANG_ENABLE_MODULES = YES;
				CLANG_ENABLE_OBJC_ARC = YES;
				CLANG_WARN_BOOL_CONVERSION = YES;
				CLANG_WARN_CONSTANT_CONVERSION = YES;
				CLANG_WARN_DIRECT_OBJC_ISA_USAGE = YES_ERROR;
				CLANG_WARN_EMPTY_BODY = YES;
				CLANG_WARN_ENUM_CONVERSION = YES;
				CLANG_WARN_INT_CONVERSION = YES;
				CLANG_WARN_OBJC_ROOT_CLASS = YES_ERROR;
				CLANG_WARN_UNREACHABLE_CODE = YES;
				CLANG_WARN__DUPLICATE_METHOD_MATCH = YES;
				"CODE_SIGN_IDENTITY[sdk=iphoneos*]" = "iPhone Developer";
				COPY_PHASE_STRIP = NO;
				CURRENT_PROJECT_VERSION = 1;
				DEBUG_INFORMATION_FORMAT = "dwarf-with-dsym";
				ENABLE_STRICT_OBJC_MSGSEND = YES;
				GCC_C_LANGUAGE_STANDARD = gnu99;
				GCC_DYNAMIC_NO_PIC = NO;
				GCC_NO_COMMON_BLOCKS = YES;
				GCC_OPTIMIZATION_LEVEL = 0;
				GCC_PREPROCESSOR_DEFINITIONS = (
					"DEBUG=1",
					"$(inherited)",
				);
				GCC_SYMBOLS_PRIVATE_EXTERN = NO;
				GCC_WARN_64_TO_32_BIT_CONVERSION = YES;
				GCC_WARN_ABOUT_RETURN_TYPE = YES_ERROR;
				GCC_WARN_UNDECLARED_SELECTOR = YES;
				GCC_WARN_UNINITIALIZED_AUTOS = YES_AGGRESSIVE;
				GCC_WARN_UNUSED_FUNCTION = YES;
				GCC_WARN_UNUSED_VARIABLE = YES;
				IPHONEOS_DEPLOYMENT_TARGET = 8.4;
				MTL_ENABLE_DEBUG_INFO = YES;
				ONLY_ACTIVE_ARCH = YES;
				SDKROOT = iphoneos;
				TARGETED_DEVICE_FAMILY = "1,2";
				VERSIONING_SYSTEM = "apple-generic";
				VERSION_INFO_PREFIX = "";
			};
			name = Debug;
		};
		4B76BBFB1BA05CB200DADDBF /* Release */ = {
			isa = XCBuildConfiguration;
			buildSettings = {
				ALWAYS_SEARCH_USER_PATHS = NO;
				CLANG_CXX_LANGUAGE_STANDARD = "gnu++0x";
				CLANG_CXX_LIBRARY = "libc++";
				CLANG_ENABLE_MODULES = YES;
				CLANG_ENABLE_OBJC_ARC = YES;
				CLANG_WARN_BOOL_CONVERSION = YES;
				CLANG_WARN_CONSTANT_CONVERSION = YES;
				CLANG_WARN_DIRECT_OBJC_ISA_USAGE = YES_ERROR;
				CLANG_WARN_EMPTY_BODY = YES;
				CLANG_WARN_ENUM_CONVERSION = YES;
				CLANG_WARN_INT_CONVERSION = YES;
				CLANG_WARN_OBJC_ROOT_CLASS = YES_ERROR;
				CLANG_WARN_UNREACHABLE_CODE = YES;
				CLANG_WARN__DUPLICATE_METHOD_MATCH = YES;
				"CODE_SIGN_IDENTITY[sdk=iphoneos*]" = "iPhone Developer";
				COPY_PHASE_STRIP = NO;
				CURRENT_PROJECT_VERSION = 1;
				DEBUG_INFORMATION_FORMAT = "dwarf-with-dsym";
				ENABLE_NS_ASSERTIONS = NO;
				ENABLE_STRICT_OBJC_MSGSEND = YES;
				GCC_C_LANGUAGE_STANDARD = gnu99;
				GCC_NO_COMMON_BLOCKS = YES;
				GCC_WARN_64_TO_32_BIT_CONVERSION = YES;
				GCC_WARN_ABOUT_RETURN_TYPE = YES_ERROR;
				GCC_WARN_UNDECLARED_SELECTOR = YES;
				GCC_WARN_UNINITIALIZED_AUTOS = YES_AGGRESSIVE;
				GCC_WARN_UNUSED_FUNCTION = YES;
				GCC_WARN_UNUSED_VARIABLE = YES;
				IPHONEOS_DEPLOYMENT_TARGET = 8.4;
				MTL_ENABLE_DEBUG_INFO = NO;
				SDKROOT = iphoneos;
				TARGETED_DEVICE_FAMILY = "1,2";
				VALIDATE_PRODUCT = YES;
				VERSIONING_SYSTEM = "apple-generic";
				VERSION_INFO_PREFIX = "";
			};
			name = Release;
		};
		4B76BBFD1BA05CB200DADDBF /* Debug */ = {
			isa = XCBuildConfiguration;
			buildSettings = {
				DEFINES_MODULE = YES;
				DYLIB_COMPATIBILITY_VERSION = 1;
				DYLIB_CURRENT_VERSION = 1;
				DYLIB_INSTALL_NAME_BASE = "@rpath";
				INFOPLIST_FILE = SVPFeatherControls/Info.plist;
				INSTALL_PATH = "$(LOCAL_LIBRARY_DIR)/Frameworks";
				LD_RUNPATH_SEARCH_PATHS = "$(inherited) @executable_path/Frameworks @loader_path/Frameworks";
				PRODUCT_NAME = "$(TARGET_NAME)";
				SKIP_INSTALL = YES;
			};
			name = Debug;
		};
		4B76BBFE1BA05CB200DADDBF /* Release */ = {
			isa = XCBuildConfiguration;
			buildSettings = {
				DEFINES_MODULE = YES;
				DYLIB_COMPATIBILITY_VERSION = 1;
				DYLIB_CURRENT_VERSION = 1;
				DYLIB_INSTALL_NAME_BASE = "@rpath";
				INFOPLIST_FILE = SVPFeatherControls/Info.plist;
				INSTALL_PATH = "$(LOCAL_LIBRARY_DIR)/Frameworks";
				LD_RUNPATH_SEARCH_PATHS = "$(inherited) @executable_path/Frameworks @loader_path/Frameworks";
				PRODUCT_NAME = "$(TARGET_NAME)";
				SKIP_INSTALL = YES;
			};
			name = Release;
		};
		4B76BC001BA05CB200DADDBF /* Debug */ = {
			isa = XCBuildConfiguration;
			buildSettings = {
				FRAMEWORK_SEARCH_PATHS = (
					"$(SDKROOT)/Developer/Library/Frameworks",
					"$(inherited)",
				);
				GCC_PREPROCESSOR_DEFINITIONS = (
					"DEBUG=1",
					"$(inherited)",
				);
				INFOPLIST_FILE = SVPFeatherControlsTests/Info.plist;
				LD_RUNPATH_SEARCH_PATHS = "$(inherited) @executable_path/Frameworks @loader_path/Frameworks";
				PRODUCT_NAME = "$(TARGET_NAME)";
			};
			name = Debug;
		};
		4B76BC011BA05CB200DADDBF /* Release */ = {
			isa = XCBuildConfiguration;
			buildSettings = {
				FRAMEWORK_SEARCH_PATHS = (
					"$(SDKROOT)/Developer/Library/Frameworks",
					"$(inherited)",
				);
				INFOPLIST_FILE = SVPFeatherControlsTests/Info.plist;
				LD_RUNPATH_SEARCH_PATHS = "$(inherited) @executable_path/Frameworks @loader_path/Frameworks";
				PRODUCT_NAME = "$(TARGET_NAME)";
			};
			name = Release;
		};
/* End XCBuildConfiguration section */

/* Begin XCConfigurationList section */
		4B76BBE01BA05CB100DADDBF /* Build configuration list for PBXProject "SVPFeatherControls" */ = {
			isa = XCConfigurationList;
			buildConfigurations = (
				4B76BBFA1BA05CB200DADDBF /* Debug */,
				4B76BBFB1BA05CB200DADDBF /* Release */,
			);
			defaultConfigurationIsVisible = 0;
			defaultConfigurationName = Release;
		};
		4B76BBFC1BA05CB200DADDBF /* Build configuration list for PBXNativeTarget "SVPFeatherControls" */ = {
			isa = XCConfigurationList;
			buildConfigurations = (
				4B76BBFD1BA05CB200DADDBF /* Debug */,
				4B76BBFE1BA05CB200DADDBF /* Release */,
			);
			defaultConfigurationIsVisible = 0;
		};
		4B76BBFF1BA05CB200DADDBF /* Build configuration list for PBXNativeTarget "SVPFeatherControlsTests" */ = {
			isa = XCConfigurationList;
			buildConfigurations = (
				4B76BC001BA05CB200DADDBF /* Debug */,
				4B76BC011BA05CB200DADDBF /* Release */,
			);
			defaultConfigurationIsVisible = 0;
		};
/* End XCConfigurationList section */
	};
	rootObject = 4B76BBDD1BA05CB100DADDBF /* Project object */;
}
